
Microsoft Visual Studio Solution File, Format Version 12.00
# Visual Studio Version 17
VisualStudioVersion = 17.9.34902.65
MinimumVisualStudioVersion = 10.0.40219.1
Project("{FAE04EC0-301F-11D3-BF4B-00C04F79EFBC}") = "AgentCore", "AgentCore\AgentCore.csproj", "{38D0B4C4-F6E8-4D51-82F6-209A02CAD1A1}"
EndProject
Project("{FAE04EC0-301F-11D3-BF4B-00C04F79EFBC}") = "CoreTest", "ConsoleStart\CoreTest.csproj", "{50F2FB78-0BDE-4F5E-A16C-74CA6BDE434E}"
EndProject
Project("{FAE04EC0-301F-11D3-BF4B-00C04F79EFBC}") = "AgentCommon", "AgentCommon\AgentCommon.csproj", "{5461D9EA-4ABE-47C5-9654-CB90D315DC39}"
EndProject
Project("{FAE04EC0-301F-11D3-BF4B-00C04F79EFBC}") = "CorePlugins", "CorePlugins\CorePlugins.csproj", "{F73DE89C-C79D-45C3-8CA8-5E90485863D7}"
EndProject
Global
	GlobalSection(SolutionConfigurationPlatforms) = preSolution
		Debug|Any CPU = Debug|Any CPU
		Release|Any CPU = Release|Any CPU
	EndGlobalSection
	GlobalSection(ProjectConfigurationPlatforms) = postSolution
		{38D0B4C4-F6E8-4D51-82F6-209A02CAD1A1}.Debug|Any CPU.ActiveCfg = Debug|Any CPU
		{38D0B4C4-F6E8-4D51-82F6-209A02CAD1A1}.Debug|Any CPU.Build.0 = Debug|Any CPU
		{38D0B4C4-F6E8-4D51-82F6-209A02CAD1A1}.Release|Any CPU.ActiveCfg = Release|Any CPU
		{38D0B4C4-F6E8-4D51-82F6-209A02CAD1A1}.Release|Any CPU.Build.0 = Release|Any CPU
		{50F2FB78-0BDE-4F5E-A16C-74CA6BDE434E}.Debug|Any CPU.ActiveCfg = Debug|Any CPU
		{50F2FB78-0BDE-4F5E-A16C-74CA6BDE434E}.Debug|Any CPU.Build.0 = Debug|Any CPU
		{50F2FB78-0BDE-4F5E-A16C-74CA6BDE434E}.Release|Any CPU.ActiveCfg = Release|Any CPU
		{50F2FB78-0BDE-4F5E-A16C-74CA6BDE434E}.Release|Any CPU.Build.0 = Release|Any CPU
		{5461D9EA-4ABE-47C5-9654-CB90D315DC39}.Debug|Any CPU.ActiveCfg = Debug|Any CPU
		{5461D9EA-4ABE-47C5-9654-CB90D315DC39}.Debug|Any CPU.Build.0 = Debug|Any CPU
		{5461D9EA-4ABE-47C5-9654-CB90D315DC39}.Release|Any CPU.ActiveCfg = Release|Any CPU
		{5461D9EA-4ABE-47C5-9654-CB90D315DC39}.Release|Any CPU.Build.0 = Release|Any CPU
		{F73DE89C-C79D-45C3-8CA8-5E90485863D7}.Debug|Any CPU.ActiveCfg = Debug|Any CPU
		{F73DE89C-C79D-45C3-8CA8-5E90485863D7}.Debug|Any CPU.Build.0 = Debug|Any CPU
		{F73DE89C-C79D-45C3-8CA8-5E90485863D7}.Release|Any CPU.ActiveCfg = Release|Any CPU
		{F73DE89C-C79D-45C3-8CA8-5E90485863D7}.Release|Any CPU.Build.0 = Release|Any CPU
	EndGlobalSection
	GlobalSection(SolutionProperties) = preSolution
		HideSolutionNode = FALSE
	EndGlobalSection
	GlobalSection(ExtensibilityGlobals) = postSolution
		SolutionGuid = {CF80CE53-39B8-457A-8042-C0C5480EFC58}
	EndGlobalSection
EndGlobal
